# This file is automatically @generated by Poetry 1.4.2 and should not be changed by hand.

[[package]]
name = "bacpypes3"
version = "0.0.69"
description = "BACnet Communications Library"
category = "main"
optional = false
python-versions = "*"
files = [
    {file = "bacpypes3-0.0.69-py3-none-any.whl", hash = "sha256:0f2d55aae438a5a79572294aa2113fa171089e9c0df9535506c0b7b95f9e5464"},
]

[metadata]
lock-version = "2.0"
python-versions = "^3.10"
content-hash = "d54cc7ab114d701bd4ed811a76ee2985962fe8b8395da9c31d82e88890b5e7cd"
